
Microsoft Visual Studio Solution File, Format Version 12.00
# Visual Studio Version 16
VisualStudioVersion = 16.0.30717.126
MinimumVisualStudioVersion = 10.0.40219.1
Project("{FAE04EC0-301F-11D3-BF4B-00C04F79EFBC}") = "Mobile Bill", "Mobile Bill\Mobile Bill.csproj", "{9E868CC7-066D-4C83-BFBB-82963316969B}"
EndProject
Global
	GlobalSection(SolutionConfigurationPlatforms) = preSolution
		Debug|Any CPU = Debug|Any CPU
		Release|Any CPU = Release|Any CPU
	EndGlobalSection
	GlobalSection(ProjectConfigurationPlatforms) = postSolution
		{9E868CC7-066D-4C83-BFBB-82963316969B}.Debug|Any CPU.ActiveCfg = Debug|Any CPU
		{9E868CC7-066D-4C83-BFBB-82963316969B}.Debug|Any CPU.Build.0 = Debug|Any CPU
		{9E868CC7-066D-4C83-BFBB-82963316969B}.Release|Any CPU.ActiveCfg = Release|Any CPU
		{9E868CC7-066D-4C83-BFBB-82963316969B}.Release|Any CPU.Build.0 = Release|Any CPU
	EndGlobalSection
	GlobalSection(SolutionProperties) = preSolution
		HideSolutionNode = FALSE
	EndGlobalSection
	GlobalSection(ExtensibilityGlobals) = postSolution
		SolutionGuid = {C40704BD-497D-4A87-887E-2F0BB4496677}
	EndGlobalSection
EndGlobal
